
Microsoft Visual Studio Solution File, Format Version 12.00
# Visual Studio 15
VisualStudioVersion = 15.0.26430.4
MinimumVisualStudioVersion = 10.0.40219.1
Project("{2150E333-8FDC-42A3-9474-1A3956D46DE8}") = "Solution Items", "Solution Items", "{DD7EA67A-4FE1-4D4F-825E-51FF842107AB}"
	ProjectSection(SolutionItems) = preProject
		.editorconfig = .editorconfig
		.gitattributes = .gitattributes
		.gitignore = .gitignore
		.travis.yml = .travis.yml
		appveyor.yml = appveyor.yml
		AssemblyVersion.cs = AssemblyVersion.cs
		Build.ps1 = Build.ps1
		build.sh = build.sh
		CommonAssemblyInfo.cs = CommonAssemblyInfo.cs
		global.json = global.json
		Install-Emulator.ps1 = Install-Emulator.ps1
		LICENSE = LICENSE
		LondonTravel.Site.Common.props = LondonTravel.Site.Common.props
		LondonTravel.Site.ruleset = LondonTravel.Site.ruleset
		NuGet.config = NuGet.config
		README.md = README.md
		stylecop.json = stylecop.json
	EndProjectSection
EndProject
Project("{2150E333-8FDC-42A3-9474-1A3956D46DE8}") = "src", "src", "{0EED3EF2-37DE-4E6E-B766-3E641D163515}"
EndProject
Project("{2150E333-8FDC-42A3-9474-1A3956D46DE8}") = "tests", "tests", "{668E07A5-C40F-4694-9D3C-EBC1180656CF}"
EndProject
Project("{9A19103F-16F7-4668-BE54-9A1E7A4F7556}") = "LondonTravel.Site", "src\LondonTravel.Site\LondonTravel.Site.csproj", "{F1A4074F-A8DE-4A9A-97EF-91830AEC59B3}"
EndProject
Project("{9A19103F-16F7-4668-BE54-9A1E7A4F7556}") = "LondonTravel.Site.Tests", "tests\LondonTravel.Site.Tests\LondonTravel.Site.Tests.csproj", "{0106CA34-73B0-4F30-8BDF-AF8D7AB22A4A}"
EndProject
Global
	GlobalSection(SolutionConfigurationPlatforms) = preSolution
		Debug|Any CPU = Debug|Any CPU
		Release|Any CPU = Release|Any CPU
	EndGlobalSection
	GlobalSection(ProjectConfigurationPlatforms) = postSolution
		{F1A4074F-A8DE-4A9A-97EF-91830AEC59B3}.Debug|Any CPU.ActiveCfg = Debug|Any CPU
		{F1A4074F-A8DE-4A9A-97EF-91830AEC59B3}.Debug|Any CPU.Build.0 = Debug|Any CPU
		{F1A4074F-A8DE-4A9A-97EF-91830AEC59B3}.Release|Any CPU.ActiveCfg = Release|Any CPU
		{F1A4074F-A8DE-4A9A-97EF-91830AEC59B3}.Release|Any CPU.Build.0 = Release|Any CPU
		{0106CA34-73B0-4F30-8BDF-AF8D7AB22A4A}.Debug|Any CPU.ActiveCfg = Debug|Any CPU
		{0106CA34-73B0-4F30-8BDF-AF8D7AB22A4A}.Debug|Any CPU.Build.0 = Debug|Any CPU
		{0106CA34-73B0-4F30-8BDF-AF8D7AB22A4A}.Release|Any CPU.ActiveCfg = Release|Any CPU
		{0106CA34-73B0-4F30-8BDF-AF8D7AB22A4A}.Release|Any CPU.Build.0 = Release|Any CPU
	EndGlobalSection
	GlobalSection(SolutionProperties) = preSolution
		HideSolutionNode = FALSE
	EndGlobalSection
	GlobalSection(NestedProjects) = preSolution
		{F1A4074F-A8DE-4A9A-97EF-91830AEC59B3} = {0EED3EF2-37DE-4E6E-B766-3E641D163515}
		{0106CA34-73B0-4F30-8BDF-AF8D7AB22A4A} = {668E07A5-C40F-4694-9D3C-EBC1180656CF}
	EndGlobalSection
EndGlobal
