
Microsoft Visual Studio Solution File, Format Version 12.00
# Visual Studio Version 17
VisualStudioVersion = 17.0.31410.414
MinimumVisualStudioVersion = 10.0.40219.1
Project("{2150E333-8FDC-42A3-9474-1A3956D46DE8}") = "Solution Items", "Solution Items", "{DD7EA67A-4FE1-4D4F-825E-51FF842107AB}"
	ProjectSection(SolutionItems) = preProject
		.editorconfig = .editorconfig
		.gitattributes = .gitattributes
		.gitignore = .gitignore
		.sonarrc = .sonarrc
		build.ps1 = build.ps1
		Directory.Build.props = Directory.Build.props
		Directory.Build.targets = Directory.Build.targets
		Directory.Packages.props = Directory.Packages.props
		global.json = global.json
		LICENSE = LICENSE
		LondonTravel.Site.ruleset = LondonTravel.Site.ruleset
		NuGet.config = NuGet.config
		README.md = README.md
		stylecop.json = stylecop.json
	EndProjectSection
EndProject
Project("{2150E333-8FDC-42A3-9474-1A3956D46DE8}") = "src", "src", "{0EED3EF2-37DE-4E6E-B766-3E641D163515}"
EndProject
Project("{2150E333-8FDC-42A3-9474-1A3956D46DE8}") = "tests", "tests", "{668E07A5-C40F-4694-9D3C-EBC1180656CF}"
EndProject
Project("{9A19103F-16F7-4668-BE54-9A1E7A4F7556}") = "LondonTravel.Site", "src\LondonTravel.Site\LondonTravel.Site.csproj", "{F1A4074F-A8DE-4A9A-97EF-91830AEC59B3}"
EndProject
Project("{9A19103F-16F7-4668-BE54-9A1E7A4F7556}") = "LondonTravel.Site.Tests", "tests\LondonTravel.Site.Tests\LondonTravel.Site.Tests.csproj", "{0106CA34-73B0-4F30-8BDF-AF8D7AB22A4A}"
EndProject
Project("{2150E333-8FDC-42A3-9474-1A3956D46DE8}") = ".vscode", ".vscode", "{DB85B1E3-701B-456F-AEE1-3B2F1DA23BC2}"
	ProjectSection(SolutionItems) = preProject
		.vscode\launch.json = .vscode\launch.json
		.vscode\tasks.json = .vscode\tasks.json
	EndProjectSection
EndProject
Project("{2150E333-8FDC-42A3-9474-1A3956D46DE8}") = ".github", ".github", "{4F53FEF1-66BC-45ED-B563-A619E9A193B7}"
	ProjectSection(SolutionItems) = preProject
		.github\actionlint-matcher.json = .github\actionlint-matcher.json
		.github\CONTRIBUTING.md = .github\CONTRIBUTING.md
		.github\dependabot.yml = .github\dependabot.yml
		.github\FUNDING.yml = .github\FUNDING.yml
		.github\ISSUE_TEMPLATE.md = .github\ISSUE_TEMPLATE.md
		.github\PULL_REQUEST_TEMPLATE.md = .github\PULL_REQUEST_TEMPLATE.md
		.github\update-dotnet-sdk.json = .github\update-dotnet-sdk.json
	EndProjectSection
EndProject
Project("{2150E333-8FDC-42A3-9474-1A3956D46DE8}") = "docs", "docs", "{4AD9EC06-329C-47FB-8549-1A1EDE980130}"
	ProjectSection(SolutionItems) = preProject
		docs\alexa-linking.graphviz = docs\alexa-linking.graphviz
		docs\site.graphviz = docs\site.graphviz
		docs\skill.graphviz = docs\skill.graphviz
	EndProjectSection
EndProject
Project("{2150E333-8FDC-42A3-9474-1A3956D46DE8}") = "workflows", "workflows", "{22736F26-BC95-4792-915C-B6E61FEB523A}"
	ProjectSection(SolutionItems) = preProject
		.github\workflows\build.yml = .github\workflows\build.yml
		.github\workflows\codeql-analysis.yml = .github\workflows\codeql-analysis.yml
		.github\workflows\dependency-review.yml = .github\workflows\dependency-review.yml
		.github\workflows\deploy.yml = .github\workflows\deploy.yml
		.github\workflows\lighthouse.yml = .github\workflows\lighthouse.yml
		.github\workflows\linter.yml = .github\workflows\linter.yml
		.github\workflows\ossf-scorecard.yml = .github\workflows\ossf-scorecard.yml
	EndProjectSection
EndProject
Project("{9A19103F-16F7-4668-BE54-9A1E7A4F7556}") = "LondonTravel.Site.AppHost", "src\LondonTravel.Site.AppHost\LondonTravel.Site.AppHost.csproj", "{4C191691-65C5-4C8A-85AD-D8C55E6AD6C4}"
EndProject
Global
	GlobalSection(SolutionConfigurationPlatforms) = preSolution
		Debug|Any CPU = Debug|Any CPU
		Release|Any CPU = Release|Any CPU
	EndGlobalSection
	GlobalSection(ProjectConfigurationPlatforms) = postSolution
		{F1A4074F-A8DE-4A9A-97EF-91830AEC59B3}.Debug|Any CPU.ActiveCfg = Debug|Any CPU
		{F1A4074F-A8DE-4A9A-97EF-91830AEC59B3}.Debug|Any CPU.Build.0 = Debug|Any CPU
		{F1A4074F-A8DE-4A9A-97EF-91830AEC59B3}.Release|Any CPU.ActiveCfg = Release|Any CPU
		{F1A4074F-A8DE-4A9A-97EF-91830AEC59B3}.Release|Any CPU.Build.0 = Release|Any CPU
		{0106CA34-73B0-4F30-8BDF-AF8D7AB22A4A}.Debug|Any CPU.ActiveCfg = Debug|Any CPU
		{0106CA34-73B0-4F30-8BDF-AF8D7AB22A4A}.Debug|Any CPU.Build.0 = Debug|Any CPU
		{0106CA34-73B0-4F30-8BDF-AF8D7AB22A4A}.Release|Any CPU.ActiveCfg = Release|Any CPU
		{0106CA34-73B0-4F30-8BDF-AF8D7AB22A4A}.Release|Any CPU.Build.0 = Release|Any CPU
		{4C191691-65C5-4C8A-85AD-D8C55E6AD6C4}.Debug|Any CPU.ActiveCfg = Debug|Any CPU
		{4C191691-65C5-4C8A-85AD-D8C55E6AD6C4}.Debug|Any CPU.Build.0 = Debug|Any CPU
		{4C191691-65C5-4C8A-85AD-D8C55E6AD6C4}.Release|Any CPU.ActiveCfg = Release|Any CPU
		{4C191691-65C5-4C8A-85AD-D8C55E6AD6C4}.Release|Any CPU.Build.0 = Release|Any CPU
	EndGlobalSection
	GlobalSection(SolutionProperties) = preSolution
		HideSolutionNode = FALSE
	EndGlobalSection
	GlobalSection(NestedProjects) = preSolution
		{F1A4074F-A8DE-4A9A-97EF-91830AEC59B3} = {0EED3EF2-37DE-4E6E-B766-3E641D163515}
		{0106CA34-73B0-4F30-8BDF-AF8D7AB22A4A} = {668E07A5-C40F-4694-9D3C-EBC1180656CF}
		{DB85B1E3-701B-456F-AEE1-3B2F1DA23BC2} = {DD7EA67A-4FE1-4D4F-825E-51FF842107AB}
		{4F53FEF1-66BC-45ED-B563-A619E9A193B7} = {DD7EA67A-4FE1-4D4F-825E-51FF842107AB}
		{4AD9EC06-329C-47FB-8549-1A1EDE980130} = {DD7EA67A-4FE1-4D4F-825E-51FF842107AB}
		{22736F26-BC95-4792-915C-B6E61FEB523A} = {4F53FEF1-66BC-45ED-B563-A619E9A193B7}
		{4C191691-65C5-4C8A-85AD-D8C55E6AD6C4} = {0EED3EF2-37DE-4E6E-B766-3E641D163515}
	EndGlobalSection
	GlobalSection(ExtensibilityGlobals) = postSolution
		SolutionGuid = {612E5D09-113B-4494-BEE6-0376224726FE}
	EndGlobalSection
EndGlobal
